
Microsoft Visual Studio Solution File, Format Version 12.00
# Visual Studio Version 17
VisualStudioVersion = 17.0.32112.339
MinimumVisualStudioVersion = 10.0.40219.1
Project("{FAE04EC0-301F-11D3-BF4B-00C04F79EFBC}") = "DiamanteDeLetras.ConsoleApp", "DiamanteDeLetras.ConsoleApp\DiamanteDeLetras.ConsoleApp.csproj", "{BF9DC30A-2D72-4BB3-A77F-193AD6E46365}"
EndProject
Global
	GlobalSection(SolutionConfigurationPlatforms) = preSolution
		Debug|Any CPU = Debug|Any CPU
		Release|Any CPU = Release|Any CPU
	EndGlobalSection
	GlobalSection(ProjectConfigurationPlatforms) = postSolution
		{BF9DC30A-2D72-4BB3-A77F-193AD6E46365}.Debug|Any CPU.ActiveCfg = Debug|Any CPU
		{BF9DC30A-2D72-4BB3-A77F-193AD6E46365}.Debug|Any CPU.Build.0 = Debug|Any CPU
		{BF9DC30A-2D72-4BB3-A77F-193AD6E46365}.Release|Any CPU.ActiveCfg = Release|Any CPU
		{BF9DC30A-2D72-4BB3-A77F-193AD6E46365}.Release|Any CPU.Build.0 = Release|Any CPU
	EndGlobalSection
	GlobalSection(SolutionProperties) = preSolution
		HideSolutionNode = FALSE
	EndGlobalSection
	GlobalSection(ExtensibilityGlobals) = postSolution
		SolutionGuid = {38CD1003-E0ED-4C9F-B8EC-FEE92728E02A}
	EndGlobalSection
EndGlobal
